
Microsoft Visual Studio Solution File, Format Version 12.00
# Visual Studio Version 17
VisualStudioVersion = 17.5.33502.453
MinimumVisualStudioVersion = 10.0.40219.1
Project("{9A19103F-16F7-4668-BE54-9A1E7A4F7556}") = "TheBillboard.MVC", "TheBillboard.MVC\TheBillboard.MVC\TheBillboard.MVC.csproj", "{CBFD3B2A-0290-4BF2-AB36-8185FDE3903F}"
EndProject
Global
	GlobalSection(SolutionConfigurationPlatforms) = preSolution
		Debug|Any CPU = Debug|Any CPU
		Release|Any CPU = Release|Any CPU
	EndGlobalSection
	GlobalSection(ProjectConfigurationPlatforms) = postSolution
		{CBFD3B2A-0290-4BF2-AB36-8185FDE3903F}.Debug|Any CPU.ActiveCfg = Debug|Any CPU
		{CBFD3B2A-0290-4BF2-AB36-8185FDE3903F}.Debug|Any CPU.Build.0 = Debug|Any CPU
		{CBFD3B2A-0290-4BF2-AB36-8185FDE3903F}.Release|Any CPU.ActiveCfg = Release|Any CPU
		{CBFD3B2A-0290-4BF2-AB36-8185FDE3903F}.Release|Any CPU.Build.0 = Release|Any CPU
	EndGlobalSection
	GlobalSection(SolutionProperties) = preSolution
		HideSolutionNode = FALSE
	EndGlobalSection
	GlobalSection(ExtensibilityGlobals) = postSolution
		SolutionGuid = {B4ADF1AC-C93F-4305-BAB6-F6C30D4DBEDB}
	EndGlobalSection
EndGlobal
